
Microsoft Visual Studio Solution File, Format Version 12.00
# Visual Studio 2013
VisualStudioVersion = 12.0.21005.1
MinimumVisualStudioVersion = 10.0.40219.1
Project("{8BC9CEB8-8B4A-11D0-8D11-00A0C91BC942}") = "test_2023_1_27", "test_2023_1_27\test_2023_1_27.vcxproj", "{FFDC3FD3-8913-4594-9307-77A8291CCC4D}"
EndProject
Global
	GlobalSection(SolutionConfigurationPlatforms) = preSolution
		Debug|Win32 = Debug|Win32
		Release|Win32 = Release|Win32
	EndGlobalSection
	GlobalSection(ProjectConfigurationPlatforms) = postSolution
		{FFDC3FD3-8913-4594-9307-77A8291CCC4D}.Debug|Win32.ActiveCfg = Debug|Win32
		{FFDC3FD3-8913-4594-9307-77A8291CCC4D}.Debug|Win32.Build.0 = Debug|Win32
		{FFDC3FD3-8913-4594-9307-77A8291CCC4D}.Release|Win32.ActiveCfg = Release|Win32
		{FFDC3FD3-8913-4594-9307-77A8291CCC4D}.Release|Win32.Build.0 = Release|Win32
	EndGlobalSection
	GlobalSection(SolutionProperties) = preSolution
		HideSolutionNode = FALSE
	EndGlobalSection
EndGlobal
